PODS:
  - Capacitor (4.7.3):
    - CapacitorCordova
  - CapacitorApp (4.1.1):
    - Capacitor
  - CapacitorCordova (4.7.3)
  - CapacitorHaptics (4.1.0):
    - Capacitor
  - CapacitorKeyboard (4.1.1):
    - Capacitor
  - CapacitorNativeBiometric (0.0.1):
    - Capacitor
  - CapacitorPushNotifications (4.1.2):
    - Capacitor
  - CapacitorSplashScreen (4.2.0):
    - Capacitor
  - CapacitorStatusBar (4.1.1):
    - Capacitor

DEPENDENCIES:
  - "Capacitor (from `../../node_modules/@capacitor/ios`)"
  - "CapacitorApp (from `../../node_modules/@capacitor/app`)"
  - "CapacitorCordova (from `../../node_modules/@capacitor/ios`)"
  - "CapacitorHaptics (from `../../node_modules/@capacitor/haptics`)"
  - "CapacitorKeyboard (from `../../node_modules/@capacitor/keyboard`)"
  - CapacitorNativeBiometric (from `../../node_modules/capacitor-native-biometric`)
  - "CapacitorPushNotifications (from `../../node_modules/@capacitor/push-notifications`)"
  - "CapacitorSplashScreen (from `../../node_modules/@capacitor/splash-screen`)"
  - "CapacitorStatusBar (from `../../node_modules/@capacitor/status-bar`)"

EXTERNAL SOURCES:
  Capacitor:
    :path: "../../node_modules/@capacitor/ios"
  CapacitorApp:
    :path: "../../node_modules/@capacitor/app"
  CapacitorCordova:
    :path: "../../node_modules/@capacitor/ios"
  CapacitorHaptics:
    :path: "../../node_modules/@capacitor/haptics"
  CapacitorKeyboard:
    :path: "../../node_modules/@capacitor/keyboard"
  CapacitorNativeBiometric:
    :path: "../../node_modules/capacitor-native-biometric"
  CapacitorPushNotifications:
    :path: "../../node_modules/@capacitor/push-notifications"
  CapacitorSplashScreen:
    :path: "../../node_modules/@capacitor/splash-screen"
  CapacitorStatusBar:
    :path: "../../node_modules/@capacitor/status-bar"

SPEC CHECKSUMS:
  Capacitor: 736ef58c1aff08d3142fe3be9c7d928e47ee461d
  CapacitorApp: acd42fe8561fe751ad5b5f459aa85e6acd7bee24
  CapacitorCordova: e8ed29bd616c9f5a81498d47c0b84179b9c6a5a6
  CapacitorHaptics: 213b3a1f3efd6dbf6e6b76a1b2bb0399cf43b213
  CapacitorKeyboard: 16121a97b56c8609ec518ebcdc64d6386c84e5c8
  CapacitorNativeBiometric: b47637a8cd349bdac014424bb4ddcae9ee5d4919
  CapacitorPushNotifications: b59c99fb4041a4f2c450f9287d158cca48a788f0
  CapacitorSplashScreen: 6b1c832e6f822ad1ef05073dc31dfeca02bc03a3
  CapacitorStatusBar: 65933e554bb5d65b361deaa936a93616086a2608

PODFILE CHECKSUM: 87c2e9f36d5cfb518abb16869bedcc86a3e55aa8

COCOAPODS: 1.12.1
